
Microsoft Visual Studio Solution File, Format Version 12.00
# Visual Studio Version 17
VisualStudioVersion = 17.5.002.0
MinimumVisualStudioVersion = 10.0.40219.1
Project("{9A19103F-16F7-4668-BE54-9A1E7A4F7556}") = "1_Bibliotecas", ".\1_Bibliotecas\1_Bibliotecas.csproj", "{83B7DC19-D964-4FBF-B203-70286F0A6A6A}"
EndProject
Project("{FAE04EC0-301F-11D3-BF4B-00C04F79EFBC}") = "2_if_elseif_else", ".\2_if_elseif_else\2_if_elseif_else.csproj", "{8B9F5985-FEAA-429A-B521-CF1D82044E87}"
EndProject
Project("{FAE04EC0-301F-11D3-BF4B-00C04F79EFBC}") = "3_matrizes_e_foreach", "3_matrizes_e_foreach\3_matrizes_e_foreach.csproj", "{0F839809-C378-4257-A204-7E3A4317AA77}"
EndProject
Project("{FAE04EC0-301F-11D3-BF4B-00C04F79EFBC}") = "3_matrizes_e_foreach_desafio", "3_matrizes_e_foreach_desafio\3_matrizes_e_foreach_desafio.csproj", "{BFA908CA-C5C5-4A19-9AD6-1B52AA116FE8}"
EndProject
Project("{FAE04EC0-301F-11D3-BF4B-00C04F79EFBC}") = "4_comentarios_e_espacos", "4_comentarios_e_espacos\4_comentarios_e_espacos.csproj", "{3891B797-69D4-4846-9905-EF1EF7219D70}"
EndProject
Project("{FAE04EC0-301F-11D3-BF4B-00C04F79EFBC}") = "5_expressoes_boolianas", "5_expressoes_boolianas\5_expressoes_boolianas.csproj", "{EFB2FE99-5136-402F-918B-933585DBEF99}"
EndProject
Project("{FAE04EC0-301F-11D3-BF4B-00C04F79EFBC}") = "5_expressoes_boolianas_desafio_1", "5_expressoes_boolianas_desafio_1\5_expressoes_boolianas_desafio_1.csproj", "{62B5E0D5-1551-4149-BC2F-F53C7E62E427}"
EndProject
Project("{FAE04EC0-301F-11D3-BF4B-00C04F79EFBC}") = "5_expressoes_boolianas_desafio_2", "5_expressoes_boolianas_desafio_2\5_expressoes_boolianas_desafio_2.csproj", "{C56AACD8-5915-400D-82E6-AE08650EA9AD}"
EndProject
Project("{FAE04EC0-301F-11D3-BF4B-00C04F79EFBC}") = "6_blocos_e_escopo", "6_blocos_e_escopo\6_blocos_e_escopo.csproj", "{6ADDC92D-A16C-45E7-9667-8739FFD044F4}"
EndProject
Project("{FAE04EC0-301F-11D3-BF4B-00C04F79EFBC}") = "6_blocos_e_escopo_desafio_1", "6_blocos_e_escopo_desafio_1\6_blocos_e_escopo_desafio_1.csproj", "{4202BE9E-91E9-497F-8AC6-744A3DE41C47}"
EndProject
Project("{FAE04EC0-301F-11D3-BF4B-00C04F79EFBC}") = "7_switch_case", "7_switch_case\7_switch_case.csproj", "{F2CE7924-6F7E-416D-A6C0-12BCED66CF01}"
EndProject
Project("{FAE04EC0-301F-11D3-BF4B-00C04F79EFBC}") = "7_switch_case_2", "7_switch_case_2\7_switch_case_2.csproj", "{8CAAA365-B60A-4E0A-856D-1F1BDABAB512}"
EndProject
Project("{FAE04EC0-301F-11D3-BF4B-00C04F79EFBC}") = "8_for", "8_for\8_for.csproj", "{A2581B44-B4E7-49D0-AC97-942C837D5A47}"
EndProject
Project("{FAE04EC0-301F-11D3-BF4B-00C04F79EFBC}") = "8_for_desafio_fizz_buzz", "8_for_desafio_fizz_buzz\8_for_desafio_fizz_buzz.csproj", "{F19BB3E7-D7CE-48CD-8FDF-03F050FA188D}"
EndProject
Project("{FAE04EC0-301F-11D3-BF4B-00C04F79EFBC}") = "9_while", "9_while\9_while.csproj", "{112AD9AE-E60F-4916-A49B-B82FA8B10AED}"
EndProject
Project("{FAE04EC0-301F-11D3-BF4B-00C04F79EFBC}") = "9_while_desafio_batalha_rpg", "9_while_desafio_batalha_rpg\9_while_desafio_batalha_rpg.csproj", "{77D7F180-7814-4C7E-855D-752541B18564}"
EndProject
Project("{FAE04EC0-301F-11D3-BF4B-00C04F79EFBC}") = "9_while_desafio_diferencas_1", "9_while_desafio_diferencas_1\9_while_desafio_diferencas_1.csproj", "{8D915099-B295-4D25-BDE0-FC680C06D8E4}"
EndProject
Project("{FAE04EC0-301F-11D3-BF4B-00C04F79EFBC}") = "9_while_desafio_diferencas_2", "9_while_desafio_diferencas_2\9_while_desafio_diferencas_2.csproj", "{8DBEADE0-8B26-411D-B2A1-22F66911420A}"
EndProject
Project("{FAE04EC0-301F-11D3-BF4B-00C04F79EFBC}") = "Starter", "10_guided_project_contoso_pets\Starter.csproj", "{A57A52D4-7CCF-4DB8-A65D-7072BD215D3D}"
EndProject
Project("{FAE04EC0-301F-11D3-BF4B-00C04F79EFBC}") = "11_data_types", "11_data_types\11_data_types.csproj", "{6E781124-E786-4C62-894D-9CD96CE54B06}"
EndProject
Project("{FAE04EC0-301F-11D3-BF4B-00C04F79EFBC}") = "12_conversao_de_tipos", "12_conversao_de_tipos\12_conversao_de_tipos.csproj", "{50F09AE5-C7AA-4E61-B1A8-4262CFC8A3D2}"
EndProject
Project("{FAE04EC0-301F-11D3-BF4B-00C04F79EFBC}") = "12_conversao_de_tipos_desafio_1", "12_conversao_de_tipos_desafio_1\12_conversao_de_tipos_desafio_1.csproj", "{48BB12AB-DC92-4CF2-A9B0-BD9094D75402}"
EndProject
Project("{FAE04EC0-301F-11D3-BF4B-00C04F79EFBC}") = "12_conversao_de_tipos_desafio_2", "12_conversao_de_tipos_desafio_2\12_conversao_de_tipos_desafio_2.csproj", "{D90BFDF7-CFD2-47C9-8C89-7B32A3407CF4}"
EndProject
Project("{FAE04EC0-301F-11D3-BF4B-00C04F79EFBC}") = "13_arrays_metodos_auxiliares", "13_arrays_metodos_auxiliares\13_arrays_metodos_auxiliares.csproj", "{4F0A89F3-9E94-464A-89F1-9F9319E914CD}"
EndProject
Project("{FAE04EC0-301F-11D3-BF4B-00C04F79EFBC}") = "13_arrays_metodos_auxiliares_2", "13_arrays_metodos_auxiliares_2\13_arrays_metodos_auxiliares_2.csproj", "{E29F3A06-1109-4CBE-80BE-09D883BD6535}"
EndProject
Project("{FAE04EC0-301F-11D3-BF4B-00C04F79EFBC}") = "13_arrays_metodos_auxiliares_desafio_1", "13_arrays_metodos_auxiliares_desafio_1\13_arrays_metodos_auxiliares_desafio_1.csproj", "{DB11B93A-621B-454D-B940-73D913306295}"
EndProject
Project("{FAE04EC0-301F-11D3-BF4B-00C04F79EFBC}") = "13_arrays_metodos_auxiliares_desafio_2", "13_arrays_metodos_auxiliares_desafio_2\13_arrays_metodos_auxiliares_desafio_2.csproj", "{307DAA0D-CCE6-4485-B13D-3C7706BDA1A4}"
EndProject
Project("{FAE04EC0-301F-11D3-BF4B-00C04F79EFBC}") = "14_formatacao_dados_alfanumericos", "14_formatacao_dados_alfanumericos\14_formatacao_dados_alfanumericos.csproj", "{19C2090C-5D96-4826-BEFA-17640A8500E3}"
EndProject
Project("{FAE04EC0-301F-11D3-BF4B-00C04F79EFBC}") = "14_formatacao_dados_alfanumericos_exercicio_1", "14_formatacao_dados_alfanumericos_exercicio_1\14_formatacao_dados_alfanumericos_exercicio_1.csproj", "{6B1976E7-6681-46A7-8D46-06F73E343400}"
EndProject
Project("{FAE04EC0-301F-11D3-BF4B-00C04F79EFBC}") = "15_strings_alinhamento", "15_strings_alinhamento\15_strings_alinhamento.csproj", "{4941FCE0-7CC4-4915-9D66-7EC4D4EF84E5}"
EndProject
Project("{FAE04EC0-301F-11D3-BF4B-00C04F79EFBC}") = "15_strings_alinhamento_desafio_1", "15_strings_alinhamento_desafio_1\15_strings_alinhamento_desafio_1.csproj", "{1BCBF383-8527-4B07-B201-08C2A767783F}"
EndProject
Project("{FAE04EC0-301F-11D3-BF4B-00C04F79EFBC}") = "16_strings_indexof_substring", "16_strings_indexof_substring\16_strings_indexof_substring.csproj", "{B807511E-1B4C-4A10-A64A-CCE6E6511056}"
EndProject
Project("{FAE04EC0-301F-11D3-BF4B-00C04F79EFBC}") = "17_strings_indexofany_lastindexof", "17_strings_indexofany_lastindexof\17_strings_indexofany_lastindexof.csproj", "{1A364246-5D79-41D1-9E2D-9C4E25C7F17A}"
EndProject
Project("{FAE04EC0-301F-11D3-BF4B-00C04F79EFBC}") = "18_strings_remove_replace", "18_strings_remove_replace\18_strings_remove_replace.csproj", "{6D8334A9-37D1-4C73-B296-EFC303B86609}"
EndProject
Project("{FAE04EC0-301F-11D3-BF4B-00C04F79EFBC}") = "19_strings_challenge_1", "19_strings_challenge_1\19_strings_challenge_1.csproj", "{4E17413F-5A28-4783-88BA-C385227F3B23}"
EndProject
Project("{FAE04EC0-301F-11D3-BF4B-00C04F79EFBC}") = "20_Challenge", "20_Challenge\20_Challenge.csproj", "{0386D2D3-E645-4B17-950B-3AC8557AB824}"
EndProject
Project("{2150E333-8FDC-42A3-9474-1A3956D46DE8}") = "21_Challenge", "21_Challenge", "{F7917E83-35A2-4E8E-9BB7-FF7C04375238}"
EndProject
Project("{FAE04EC0-301F-11D3-BF4B-00C04F79EFBC}") = "21_Challenge_Starter", "21_Challenge\Starter\21_Challenge_Starter.csproj", "{3E22D887-D7F6-4027-BFF8-A2BA4422BEAC}"
EndProject
Project("{FAE04EC0-301F-11D3-BF4B-00C04F79EFBC}") = "22_methods-functions", "22_methods-functions\22_methods-functions.csproj", "{86DD31F3-094B-4FFD-B875-FD798F210D61}"
EndProject
Project("{FAE04EC0-301F-11D3-BF4B-00C04F79EFBC}") = "23_methods_functions_exercice", "23_methods_functions_exercice\23_methods_functions_exercice.csproj", "{623537EA-6C7D-4F51-A131-FDBEEAF32106}"
EndProject
Project("{FAE04EC0-301F-11D3-BF4B-00C04F79EFBC}") = "25_methods_functions_exercice_3", "25_methods_functions_exercice_3\25_methods_functions_exercice_3.csproj", "{8173E4B7-33F8-44EF-8004-091122C392BF}"
EndProject
Project("{FAE04EC0-301F-11D3-BF4B-00C04F79EFBC}") = "26_methods_with_parameters", "26_methods_with_parameters\26_methods_with_parameters.csproj", "{85A2137E-80D8-464E-B6CD-880BA1A28AD2}"
EndProject
Project("{FAE04EC0-301F-11D3-BF4B-00C04F79EFBC}") = "27_methods_with_parameters_2", "27_methods_with_parameters_2\27_methods_with_parameters_2.csproj", "{E0F97349-5B4A-4608-96CF-D0897CE7EE4C}"
EndProject
Project("{FAE04EC0-301F-11D3-BF4B-00C04F79EFBC}") = "28_methods_with_parameters_value_reference", "28_methods_with_parameters_value_reference\28_methods_with_parameters_value_reference.csproj", "{5CD27753-4387-40F8-BDB8-71D9B962F814}"
EndProject
Project("{FAE04EC0-301F-11D3-BF4B-00C04F79EFBC}") = "29_methods_named_and_optional_parameters", "29_methods_named_and_optional_parameters\29_methods_named_and_optional_parameters.csproj", "{C3B35D92-2382-4A26-AD5F-1945DFE3587D}"
EndProject
Project("{FAE04EC0-301F-11D3-BF4B-00C04F79EFBC}") = "30_methods_challenge_1", "30_methods_challenge_1\30_methods_challenge_1.csproj", "{F39F370E-97C8-4A26-A252-156FD7C18443}"
EndProject
Project("{FAE04EC0-301F-11D3-BF4B-00C04F79EFBC}") = "31_methods_with_return", "31_methods_with_return\31_methods_with_return.csproj", "{A74E18C0-5934-4A78-B0E3-E19389639AF5}"
EndProject
Project("{FAE04EC0-301F-11D3-BF4B-00C04F79EFBC}") = "32_methods_with_return_2", "32_methods_with_return_2\32_methods_with_return_2.csproj", "{2FE2B249-C701-420B-B44D-0A9C68DE4C5D}"
EndProject
Project("{FAE04EC0-301F-11D3-BF4B-00C04F79EFBC}") = "33_methods_with_return_3", "33_methods_with_return_3\33_methods_with_return_3.csproj", "{3AB3C608-30AE-447C-894C-BCA93B125250}"
EndProject
Project("{FAE04EC0-301F-11D3-BF4B-00C04F79EFBC}") = "34_methods_with_return_4", "34_methods_with_return_4\34_methods_with_return_4.csproj", "{E6DBB5E2-EC88-4A22-96A6-0D3DA79F4B9A}"
EndProject
Project("{FAE04EC0-301F-11D3-BF4B-00C04F79EFBC}") = "35_methods_with_return_5", "35_methods_with_return_5\35_methods_with_return_5.csproj", "{6B2FAFEB-DB1E-4852-A8DC-029636656C87}"
EndProject
Project("{FAE04EC0-301F-11D3-BF4B-00C04F79EFBC}") = "36_methods_with_return_challenge", "36_methods_with_return_challenge\36_methods_with_return_challenge.csproj", "{EB483026-A2F2-42C9-8827-D72B166C196F}"
EndProject
Project("{FAE04EC0-301F-11D3-BF4B-00C04F79EFBC}") = "37_guided_project_visiting_petting_zoo", "37_guided_project_visiting_petting_zoo\37_guided_project_visiting_petting_zoo.csproj", "{471F3505-01F4-45FF-8D4C-4CB3130440DB}"
EndProject
Global
	GlobalSection(SolutionConfigurationPlatforms) = preSolution
		Debug|Any CPU = Debug|Any CPU
		Release|Any CPU = Release|Any CPU
	EndGlobalSection
	GlobalSection(ProjectConfigurationPlatforms) = postSolution
		{83B7DC19-D964-4FBF-B203-70286F0A6A6A}.Debug|Any CPU.ActiveCfg = Debug|Any CPU
		{83B7DC19-D964-4FBF-B203-70286F0A6A6A}.Debug|Any CPU.Build.0 = Debug|Any CPU
		{83B7DC19-D964-4FBF-B203-70286F0A6A6A}.Release|Any CPU.ActiveCfg = Release|Any CPU
		{83B7DC19-D964-4FBF-B203-70286F0A6A6A}.Release|Any CPU.Build.0 = Release|Any CPU
		{8B9F5985-FEAA-429A-B521-CF1D82044E87}.Debug|Any CPU.ActiveCfg = Debug|Any CPU
		{8B9F5985-FEAA-429A-B521-CF1D82044E87}.Debug|Any CPU.Build.0 = Debug|Any CPU
		{8B9F5985-FEAA-429A-B521-CF1D82044E87}.Release|Any CPU.ActiveCfg = Release|Any CPU
		{8B9F5985-FEAA-429A-B521-CF1D82044E87}.Release|Any CPU.Build.0 = Release|Any CPU
		{0F839809-C378-4257-A204-7E3A4317AA77}.Debug|Any CPU.ActiveCfg = Debug|Any CPU
		{0F839809-C378-4257-A204-7E3A4317AA77}.Debug|Any CPU.Build.0 = Debug|Any CPU
		{0F839809-C378-4257-A204-7E3A4317AA77}.Release|Any CPU.ActiveCfg = Release|Any CPU
		{0F839809-C378-4257-A204-7E3A4317AA77}.Release|Any CPU.Build.0 = Release|Any CPU
		{BFA908CA-C5C5-4A19-9AD6-1B52AA116FE8}.Debug|Any CPU.ActiveCfg = Debug|Any CPU
		{BFA908CA-C5C5-4A19-9AD6-1B52AA116FE8}.Debug|Any CPU.Build.0 = Debug|Any CPU
		{BFA908CA-C5C5-4A19-9AD6-1B52AA116FE8}.Release|Any CPU.ActiveCfg = Release|Any CPU
		{BFA908CA-C5C5-4A19-9AD6-1B52AA116FE8}.Release|Any CPU.Build.0 = Release|Any CPU
		{3891B797-69D4-4846-9905-EF1EF7219D70}.Debug|Any CPU.ActiveCfg = Debug|Any CPU
		{3891B797-69D4-4846-9905-EF1EF7219D70}.Debug|Any CPU.Build.0 = Debug|Any CPU
		{3891B797-69D4-4846-9905-EF1EF7219D70}.Release|Any CPU.ActiveCfg = Release|Any CPU
		{3891B797-69D4-4846-9905-EF1EF7219D70}.Release|Any CPU.Build.0 = Release|Any CPU
		{EFB2FE99-5136-402F-918B-933585DBEF99}.Debug|Any CPU.ActiveCfg = Debug|Any CPU
		{EFB2FE99-5136-402F-918B-933585DBEF99}.Debug|Any CPU.Build.0 = Debug|Any CPU
		{EFB2FE99-5136-402F-918B-933585DBEF99}.Release|Any CPU.ActiveCfg = Release|Any CPU
		{EFB2FE99-5136-402F-918B-933585DBEF99}.Release|Any CPU.Build.0 = Release|Any CPU
		{62B5E0D5-1551-4149-BC2F-F53C7E62E427}.Debug|Any CPU.ActiveCfg = Debug|Any CPU
		{62B5E0D5-1551-4149-BC2F-F53C7E62E427}.Debug|Any CPU.Build.0 = Debug|Any CPU
		{62B5E0D5-1551-4149-BC2F-F53C7E62E427}.Release|Any CPU.ActiveCfg = Release|Any CPU
		{62B5E0D5-1551-4149-BC2F-F53C7E62E427}.Release|Any CPU.Build.0 = Release|Any CPU
		{C56AACD8-5915-400D-82E6-AE08650EA9AD}.Debug|Any CPU.ActiveCfg = Debug|Any CPU
		{C56AACD8-5915-400D-82E6-AE08650EA9AD}.Debug|Any CPU.Build.0 = Debug|Any CPU
		{C56AACD8-5915-400D-82E6-AE08650EA9AD}.Release|Any CPU.ActiveCfg = Release|Any CPU
		{C56AACD8-5915-400D-82E6-AE08650EA9AD}.Release|Any CPU.Build.0 = Release|Any CPU
		{6ADDC92D-A16C-45E7-9667-8739FFD044F4}.Debug|Any CPU.ActiveCfg = Debug|Any CPU
		{6ADDC92D-A16C-45E7-9667-8739FFD044F4}.Debug|Any CPU.Build.0 = Debug|Any CPU
		{6ADDC92D-A16C-45E7-9667-8739FFD044F4}.Release|Any CPU.ActiveCfg = Release|Any CPU
		{6ADDC92D-A16C-45E7-9667-8739FFD044F4}.Release|Any CPU.Build.0 = Release|Any CPU
		{4202BE9E-91E9-497F-8AC6-744A3DE41C47}.Debug|Any CPU.ActiveCfg = Debug|Any CPU
		{4202BE9E-91E9-497F-8AC6-744A3DE41C47}.Debug|Any CPU.Build.0 = Debug|Any CPU
		{4202BE9E-91E9-497F-8AC6-744A3DE41C47}.Release|Any CPU.ActiveCfg = Release|Any CPU
		{4202BE9E-91E9-497F-8AC6-744A3DE41C47}.Release|Any CPU.Build.0 = Release|Any CPU
		{F2CE7924-6F7E-416D-A6C0-12BCED66CF01}.Debug|Any CPU.ActiveCfg = Debug|Any CPU
		{F2CE7924-6F7E-416D-A6C0-12BCED66CF01}.Debug|Any CPU.Build.0 = Debug|Any CPU
		{F2CE7924-6F7E-416D-A6C0-12BCED66CF01}.Release|Any CPU.ActiveCfg = Release|Any CPU
		{F2CE7924-6F7E-416D-A6C0-12BCED66CF01}.Release|Any CPU.Build.0 = Release|Any CPU
		{8CAAA365-B60A-4E0A-856D-1F1BDABAB512}.Debug|Any CPU.ActiveCfg = Debug|Any CPU
		{8CAAA365-B60A-4E0A-856D-1F1BDABAB512}.Debug|Any CPU.Build.0 = Debug|Any CPU
		{8CAAA365-B60A-4E0A-856D-1F1BDABAB512}.Release|Any CPU.ActiveCfg = Release|Any CPU
		{8CAAA365-B60A-4E0A-856D-1F1BDABAB512}.Release|Any CPU.Build.0 = Release|Any CPU
		{A2581B44-B4E7-49D0-AC97-942C837D5A47}.Debug|Any CPU.ActiveCfg = Debug|Any CPU
		{A2581B44-B4E7-49D0-AC97-942C837D5A47}.Debug|Any CPU.Build.0 = Debug|Any CPU
		{A2581B44-B4E7-49D0-AC97-942C837D5A47}.Release|Any CPU.ActiveCfg = Release|Any CPU
		{A2581B44-B4E7-49D0-AC97-942C837D5A47}.Release|Any CPU.Build.0 = Release|Any CPU
		{F19BB3E7-D7CE-48CD-8FDF-03F050FA188D}.Debug|Any CPU.ActiveCfg = Debug|Any CPU
		{F19BB3E7-D7CE-48CD-8FDF-03F050FA188D}.Debug|Any CPU.Build.0 = Debug|Any CPU
		{F19BB3E7-D7CE-48CD-8FDF-03F050FA188D}.Release|Any CPU.ActiveCfg = Release|Any CPU
		{F19BB3E7-D7CE-48CD-8FDF-03F050FA188D}.Release|Any CPU.Build.0 = Release|Any CPU
		{112AD9AE-E60F-4916-A49B-B82FA8B10AED}.Debug|Any CPU.ActiveCfg = Debug|Any CPU
		{112AD9AE-E60F-4916-A49B-B82FA8B10AED}.Debug|Any CPU.Build.0 = Debug|Any CPU
		{112AD9AE-E60F-4916-A49B-B82FA8B10AED}.Release|Any CPU.ActiveCfg = Release|Any CPU
		{112AD9AE-E60F-4916-A49B-B82FA8B10AED}.Release|Any CPU.Build.0 = Release|Any CPU
		{77D7F180-7814-4C7E-855D-752541B18564}.Debug|Any CPU.ActiveCfg = Debug|Any CPU
		{77D7F180-7814-4C7E-855D-752541B18564}.Debug|Any CPU.Build.0 = Debug|Any CPU
		{77D7F180-7814-4C7E-855D-752541B18564}.Release|Any CPU.ActiveCfg = Release|Any CPU
		{77D7F180-7814-4C7E-855D-752541B18564}.Release|Any CPU.Build.0 = Release|Any CPU
		{8D915099-B295-4D25-BDE0-FC680C06D8E4}.Debug|Any CPU.ActiveCfg = Debug|Any CPU
		{8D915099-B295-4D25-BDE0-FC680C06D8E4}.Debug|Any CPU.Build.0 = Debug|Any CPU
		{8D915099-B295-4D25-BDE0-FC680C06D8E4}.Release|Any CPU.ActiveCfg = Release|Any CPU
		{8D915099-B295-4D25-BDE0-FC680C06D8E4}.Release|Any CPU.Build.0 = Release|Any CPU
		{8DBEADE0-8B26-411D-B2A1-22F66911420A}.Debug|Any CPU.ActiveCfg = Debug|Any CPU
		{8DBEADE0-8B26-411D-B2A1-22F66911420A}.Debug|Any CPU.Build.0 = Debug|Any CPU
		{8DBEADE0-8B26-411D-B2A1-22F66911420A}.Release|Any CPU.ActiveCfg = Release|Any CPU
		{8DBEADE0-8B26-411D-B2A1-22F66911420A}.Release|Any CPU.Build.0 = Release|Any CPU
		{A57A52D4-7CCF-4DB8-A65D-7072BD215D3D}.Debug|Any CPU.ActiveCfg = Debug|Any CPU
		{A57A52D4-7CCF-4DB8-A65D-7072BD215D3D}.Debug|Any CPU.Build.0 = Debug|Any CPU
		{A57A52D4-7CCF-4DB8-A65D-7072BD215D3D}.Release|Any CPU.ActiveCfg = Release|Any CPU
		{A57A52D4-7CCF-4DB8-A65D-7072BD215D3D}.Release|Any CPU.Build.0 = Release|Any CPU
		{6E781124-E786-4C62-894D-9CD96CE54B06}.Debug|Any CPU.ActiveCfg = Debug|Any CPU
		{6E781124-E786-4C62-894D-9CD96CE54B06}.Debug|Any CPU.Build.0 = Debug|Any CPU
		{6E781124-E786-4C62-894D-9CD96CE54B06}.Release|Any CPU.ActiveCfg = Release|Any CPU
		{6E781124-E786-4C62-894D-9CD96CE54B06}.Release|Any CPU.Build.0 = Release|Any CPU
		{50F09AE5-C7AA-4E61-B1A8-4262CFC8A3D2}.Debug|Any CPU.ActiveCfg = Debug|Any CPU
		{50F09AE5-C7AA-4E61-B1A8-4262CFC8A3D2}.Debug|Any CPU.Build.0 = Debug|Any CPU
		{50F09AE5-C7AA-4E61-B1A8-4262CFC8A3D2}.Release|Any CPU.ActiveCfg = Release|Any CPU
		{50F09AE5-C7AA-4E61-B1A8-4262CFC8A3D2}.Release|Any CPU.Build.0 = Release|Any CPU
		{48BB12AB-DC92-4CF2-A9B0-BD9094D75402}.Debug|Any CPU.ActiveCfg = Debug|Any CPU
		{48BB12AB-DC92-4CF2-A9B0-BD9094D75402}.Debug|Any CPU.Build.0 = Debug|Any CPU
		{48BB12AB-DC92-4CF2-A9B0-BD9094D75402}.Release|Any CPU.ActiveCfg = Release|Any CPU
		{48BB12AB-DC92-4CF2-A9B0-BD9094D75402}.Release|Any CPU.Build.0 = Release|Any CPU
		{D90BFDF7-CFD2-47C9-8C89-7B32A3407CF4}.Debug|Any CPU.ActiveCfg = Debug|Any CPU
		{D90BFDF7-CFD2-47C9-8C89-7B32A3407CF4}.Debug|Any CPU.Build.0 = Debug|Any CPU
		{D90BFDF7-CFD2-47C9-8C89-7B32A3407CF4}.Release|Any CPU.ActiveCfg = Release|Any CPU
		{D90BFDF7-CFD2-47C9-8C89-7B32A3407CF4}.Release|Any CPU.Build.0 = Release|Any CPU
		{4F0A89F3-9E94-464A-89F1-9F9319E914CD}.Debug|Any CPU.ActiveCfg = Debug|Any CPU
		{4F0A89F3-9E94-464A-89F1-9F9319E914CD}.Debug|Any CPU.Build.0 = Debug|Any CPU
		{4F0A89F3-9E94-464A-89F1-9F9319E914CD}.Release|Any CPU.ActiveCfg = Release|Any CPU
		{4F0A89F3-9E94-464A-89F1-9F9319E914CD}.Release|Any CPU.Build.0 = Release|Any CPU
		{E29F3A06-1109-4CBE-80BE-09D883BD6535}.Debug|Any CPU.ActiveCfg = Debug|Any CPU
		{E29F3A06-1109-4CBE-80BE-09D883BD6535}.Debug|Any CPU.Build.0 = Debug|Any CPU
		{E29F3A06-1109-4CBE-80BE-09D883BD6535}.Release|Any CPU.ActiveCfg = Release|Any CPU
		{E29F3A06-1109-4CBE-80BE-09D883BD6535}.Release|Any CPU.Build.0 = Release|Any CPU
		{DB11B93A-621B-454D-B940-73D913306295}.Debug|Any CPU.ActiveCfg = Debug|Any CPU
		{DB11B93A-621B-454D-B940-73D913306295}.Debug|Any CPU.Build.0 = Debug|Any CPU
		{DB11B93A-621B-454D-B940-73D913306295}.Release|Any CPU.ActiveCfg = Release|Any CPU
		{DB11B93A-621B-454D-B940-73D913306295}.Release|Any CPU.Build.0 = Release|Any CPU
		{307DAA0D-CCE6-4485-B13D-3C7706BDA1A4}.Debug|Any CPU.ActiveCfg = Debug|Any CPU
		{307DAA0D-CCE6-4485-B13D-3C7706BDA1A4}.Debug|Any CPU.Build.0 = Debug|Any CPU
		{307DAA0D-CCE6-4485-B13D-3C7706BDA1A4}.Release|Any CPU.ActiveCfg = Release|Any CPU
		{307DAA0D-CCE6-4485-B13D-3C7706BDA1A4}.Release|Any CPU.Build.0 = Release|Any CPU
		{19C2090C-5D96-4826-BEFA-17640A8500E3}.Debug|Any CPU.ActiveCfg = Debug|Any CPU
		{19C2090C-5D96-4826-BEFA-17640A8500E3}.Debug|Any CPU.Build.0 = Debug|Any CPU
		{19C2090C-5D96-4826-BEFA-17640A8500E3}.Release|Any CPU.ActiveCfg = Release|Any CPU
		{19C2090C-5D96-4826-BEFA-17640A8500E3}.Release|Any CPU.Build.0 = Release|Any CPU
		{6B1976E7-6681-46A7-8D46-06F73E343400}.Debug|Any CPU.ActiveCfg = Debug|Any CPU
		{6B1976E7-6681-46A7-8D46-06F73E343400}.Debug|Any CPU.Build.0 = Debug|Any CPU
		{6B1976E7-6681-46A7-8D46-06F73E343400}.Release|Any CPU.ActiveCfg = Release|Any CPU
		{6B1976E7-6681-46A7-8D46-06F73E343400}.Release|Any CPU.Build.0 = Release|Any CPU
		{4941FCE0-7CC4-4915-9D66-7EC4D4EF84E5}.Debug|Any CPU.ActiveCfg = Debug|Any CPU
		{4941FCE0-7CC4-4915-9D66-7EC4D4EF84E5}.Debug|Any CPU.Build.0 = Debug|Any CPU
		{4941FCE0-7CC4-4915-9D66-7EC4D4EF84E5}.Release|Any CPU.ActiveCfg = Release|Any CPU
		{4941FCE0-7CC4-4915-9D66-7EC4D4EF84E5}.Release|Any CPU.Build.0 = Release|Any CPU
		{1BCBF383-8527-4B07-B201-08C2A767783F}.Debug|Any CPU.ActiveCfg = Debug|Any CPU
		{1BCBF383-8527-4B07-B201-08C2A767783F}.Debug|Any CPU.Build.0 = Debug|Any CPU
		{1BCBF383-8527-4B07-B201-08C2A767783F}.Release|Any CPU.ActiveCfg = Release|Any CPU
		{1BCBF383-8527-4B07-B201-08C2A767783F}.Release|Any CPU.Build.0 = Release|Any CPU
		{B807511E-1B4C-4A10-A64A-CCE6E6511056}.Debug|Any CPU.ActiveCfg = Debug|Any CPU
		{B807511E-1B4C-4A10-A64A-CCE6E6511056}.Debug|Any CPU.Build.0 = Debug|Any CPU
		{B807511E-1B4C-4A10-A64A-CCE6E6511056}.Release|Any CPU.ActiveCfg = Release|Any CPU
		{B807511E-1B4C-4A10-A64A-CCE6E6511056}.Release|Any CPU.Build.0 = Release|Any CPU
		{1A364246-5D79-41D1-9E2D-9C4E25C7F17A}.Debug|Any CPU.ActiveCfg = Debug|Any CPU
		{1A364246-5D79-41D1-9E2D-9C4E25C7F17A}.Debug|Any CPU.Build.0 = Debug|Any CPU
		{1A364246-5D79-41D1-9E2D-9C4E25C7F17A}.Release|Any CPU.ActiveCfg = Release|Any CPU
		{1A364246-5D79-41D1-9E2D-9C4E25C7F17A}.Release|Any CPU.Build.0 = Release|Any CPU
		{6D8334A9-37D1-4C73-B296-EFC303B86609}.Debug|Any CPU.ActiveCfg = Debug|Any CPU
		{6D8334A9-37D1-4C73-B296-EFC303B86609}.Debug|Any CPU.Build.0 = Debug|Any CPU
		{6D8334A9-37D1-4C73-B296-EFC303B86609}.Release|Any CPU.ActiveCfg = Release|Any CPU
		{6D8334A9-37D1-4C73-B296-EFC303B86609}.Release|Any CPU.Build.0 = Release|Any CPU
		{4E17413F-5A28-4783-88BA-C385227F3B23}.Debug|Any CPU.ActiveCfg = Debug|Any CPU
		{4E17413F-5A28-4783-88BA-C385227F3B23}.Debug|Any CPU.Build.0 = Debug|Any CPU
		{4E17413F-5A28-4783-88BA-C385227F3B23}.Release|Any CPU.ActiveCfg = Release|Any CPU
		{4E17413F-5A28-4783-88BA-C385227F3B23}.Release|Any CPU.Build.0 = Release|Any CPU
		{0386D2D3-E645-4B17-950B-3AC8557AB824}.Debug|Any CPU.ActiveCfg = Debug|Any CPU
		{0386D2D3-E645-4B17-950B-3AC8557AB824}.Debug|Any CPU.Build.0 = Debug|Any CPU
		{0386D2D3-E645-4B17-950B-3AC8557AB824}.Release|Any CPU.ActiveCfg = Release|Any CPU
		{0386D2D3-E645-4B17-950B-3AC8557AB824}.Release|Any CPU.Build.0 = Release|Any CPU
		{3E22D887-D7F6-4027-BFF8-A2BA4422BEAC}.Debug|Any CPU.ActiveCfg = Debug|Any CPU
		{3E22D887-D7F6-4027-BFF8-A2BA4422BEAC}.Debug|Any CPU.Build.0 = Debug|Any CPU
		{3E22D887-D7F6-4027-BFF8-A2BA4422BEAC}.Release|Any CPU.ActiveCfg = Release|Any CPU
		{3E22D887-D7F6-4027-BFF8-A2BA4422BEAC}.Release|Any CPU.Build.0 = Release|Any CPU
		{86DD31F3-094B-4FFD-B875-FD798F210D61}.Debug|Any CPU.ActiveCfg = Debug|Any CPU
		{86DD31F3-094B-4FFD-B875-FD798F210D61}.Debug|Any CPU.Build.0 = Debug|Any CPU
		{86DD31F3-094B-4FFD-B875-FD798F210D61}.Release|Any CPU.ActiveCfg = Release|Any CPU
		{86DD31F3-094B-4FFD-B875-FD798F210D61}.Release|Any CPU.Build.0 = Release|Any CPU
		{623537EA-6C7D-4F51-A131-FDBEEAF32106}.Debug|Any CPU.ActiveCfg = Debug|Any CPU
		{623537EA-6C7D-4F51-A131-FDBEEAF32106}.Debug|Any CPU.Build.0 = Debug|Any CPU
		{623537EA-6C7D-4F51-A131-FDBEEAF32106}.Release|Any CPU.ActiveCfg = Release|Any CPU
		{623537EA-6C7D-4F51-A131-FDBEEAF32106}.Release|Any CPU.Build.0 = Release|Any CPU
		{8173E4B7-33F8-44EF-8004-091122C392BF}.Debug|Any CPU.ActiveCfg = Debug|Any CPU
		{8173E4B7-33F8-44EF-8004-091122C392BF}.Debug|Any CPU.Build.0 = Debug|Any CPU
		{8173E4B7-33F8-44EF-8004-091122C392BF}.Release|Any CPU.ActiveCfg = Release|Any CPU
		{8173E4B7-33F8-44EF-8004-091122C392BF}.Release|Any CPU.Build.0 = Release|Any CPU
		{85A2137E-80D8-464E-B6CD-880BA1A28AD2}.Debug|Any CPU.ActiveCfg = Debug|Any CPU
		{85A2137E-80D8-464E-B6CD-880BA1A28AD2}.Debug|Any CPU.Build.0 = Debug|Any CPU
		{85A2137E-80D8-464E-B6CD-880BA1A28AD2}.Release|Any CPU.ActiveCfg = Release|Any CPU
		{85A2137E-80D8-464E-B6CD-880BA1A28AD2}.Release|Any CPU.Build.0 = Release|Any CPU
		{E0F97349-5B4A-4608-96CF-D0897CE7EE4C}.Debug|Any CPU.ActiveCfg = Debug|Any CPU
		{E0F97349-5B4A-4608-96CF-D0897CE7EE4C}.Debug|Any CPU.Build.0 = Debug|Any CPU
		{E0F97349-5B4A-4608-96CF-D0897CE7EE4C}.Release|Any CPU.ActiveCfg = Release|Any CPU
		{E0F97349-5B4A-4608-96CF-D0897CE7EE4C}.Release|Any CPU.Build.0 = Release|Any CPU
		{5CD27753-4387-40F8-BDB8-71D9B962F814}.Debug|Any CPU.ActiveCfg = Debug|Any CPU
		{5CD27753-4387-40F8-BDB8-71D9B962F814}.Debug|Any CPU.Build.0 = Debug|Any CPU
		{5CD27753-4387-40F8-BDB8-71D9B962F814}.Release|Any CPU.ActiveCfg = Release|Any CPU
		{5CD27753-4387-40F8-BDB8-71D9B962F814}.Release|Any CPU.Build.0 = Release|Any CPU
		{C3B35D92-2382-4A26-AD5F-1945DFE3587D}.Debug|Any CPU.ActiveCfg = Debug|Any CPU
		{C3B35D92-2382-4A26-AD5F-1945DFE3587D}.Debug|Any CPU.Build.0 = Debug|Any CPU
		{C3B35D92-2382-4A26-AD5F-1945DFE3587D}.Release|Any CPU.ActiveCfg = Release|Any CPU
		{C3B35D92-2382-4A26-AD5F-1945DFE3587D}.Release|Any CPU.Build.0 = Release|Any CPU
		{F39F370E-97C8-4A26-A252-156FD7C18443}.Debug|Any CPU.ActiveCfg = Debug|Any CPU
		{F39F370E-97C8-4A26-A252-156FD7C18443}.Debug|Any CPU.Build.0 = Debug|Any CPU
		{F39F370E-97C8-4A26-A252-156FD7C18443}.Release|Any CPU.ActiveCfg = Release|Any CPU
		{F39F370E-97C8-4A26-A252-156FD7C18443}.Release|Any CPU.Build.0 = Release|Any CPU
		{A74E18C0-5934-4A78-B0E3-E19389639AF5}.Debug|Any CPU.ActiveCfg = Debug|Any CPU
		{A74E18C0-5934-4A78-B0E3-E19389639AF5}.Debug|Any CPU.Build.0 = Debug|Any CPU
		{A74E18C0-5934-4A78-B0E3-E19389639AF5}.Release|Any CPU.ActiveCfg = Release|Any CPU
		{A74E18C0-5934-4A78-B0E3-E19389639AF5}.Release|Any CPU.Build.0 = Release|Any CPU
		{2FE2B249-C701-420B-B44D-0A9C68DE4C5D}.Debug|Any CPU.ActiveCfg = Debug|Any CPU
		{2FE2B249-C701-420B-B44D-0A9C68DE4C5D}.Debug|Any CPU.Build.0 = Debug|Any CPU
		{2FE2B249-C701-420B-B44D-0A9C68DE4C5D}.Release|Any CPU.ActiveCfg = Release|Any CPU
		{2FE2B249-C701-420B-B44D-0A9C68DE4C5D}.Release|Any CPU.Build.0 = Release|Any CPU
		{3AB3C608-30AE-447C-894C-BCA93B125250}.Debug|Any CPU.ActiveCfg = Debug|Any CPU
		{3AB3C608-30AE-447C-894C-BCA93B125250}.Debug|Any CPU.Build.0 = Debug|Any CPU
		{3AB3C608-30AE-447C-894C-BCA93B125250}.Release|Any CPU.ActiveCfg = Release|Any CPU
		{3AB3C608-30AE-447C-894C-BCA93B125250}.Release|Any CPU.Build.0 = Release|Any CPU
		{E6DBB5E2-EC88-4A22-96A6-0D3DA79F4B9A}.Debug|Any CPU.ActiveCfg = Debug|Any CPU
		{E6DBB5E2-EC88-4A22-96A6-0D3DA79F4B9A}.Debug|Any CPU.Build.0 = Debug|Any CPU
		{E6DBB5E2-EC88-4A22-96A6-0D3DA79F4B9A}.Release|Any CPU.ActiveCfg = Release|Any CPU
		{E6DBB5E2-EC88-4A22-96A6-0D3DA79F4B9A}.Release|Any CPU.Build.0 = Release|Any CPU
		{6B2FAFEB-DB1E-4852-A8DC-029636656C87}.Debug|Any CPU.ActiveCfg = Debug|Any CPU
		{6B2FAFEB-DB1E-4852-A8DC-029636656C87}.Debug|Any CPU.Build.0 = Debug|Any CPU
		{6B2FAFEB-DB1E-4852-A8DC-029636656C87}.Release|Any CPU.ActiveCfg = Release|Any CPU
		{6B2FAFEB-DB1E-4852-A8DC-029636656C87}.Release|Any CPU.Build.0 = Release|Any CPU
		{EB483026-A2F2-42C9-8827-D72B166C196F}.Debug|Any CPU.ActiveCfg = Debug|Any CPU
		{EB483026-A2F2-42C9-8827-D72B166C196F}.Debug|Any CPU.Build.0 = Debug|Any CPU
		{EB483026-A2F2-42C9-8827-D72B166C196F}.Release|Any CPU.ActiveCfg = Release|Any CPU
		{EB483026-A2F2-42C9-8827-D72B166C196F}.Release|Any CPU.Build.0 = Release|Any CPU
		{471F3505-01F4-45FF-8D4C-4CB3130440DB}.Debug|Any CPU.ActiveCfg = Debug|Any CPU
		{471F3505-01F4-45FF-8D4C-4CB3130440DB}.Debug|Any CPU.Build.0 = Debug|Any CPU
		{471F3505-01F4-45FF-8D4C-4CB3130440DB}.Release|Any CPU.ActiveCfg = Release|Any CPU
		{471F3505-01F4-45FF-8D4C-4CB3130440DB}.Release|Any CPU.Build.0 = Release|Any CPU
	EndGlobalSection
	GlobalSection(SolutionProperties) = preSolution
		HideSolutionNode = FALSE
	EndGlobalSection
	GlobalSection(ExtensibilityGlobals) = postSolution
		SolutionGuid = {078AE860-2B1D-4267-B465-FCD008346083}
	EndGlobalSection
	GlobalSection(NestedProjects) = preSolution
		{3E22D887-D7F6-4027-BFF8-A2BA4422BEAC} = {F7917E83-35A2-4E8E-9BB7-FF7C04375238}
	EndGlobalSection
EndGlobal
